<?xml version="1.0" encoding="utf-8"?>
<Project ToolsVersion="4.0" xmlns="http://schemas.microsoft.com/developer/msbuild/2003">
  <ItemGroup>
    <Filter Include="PointSim">
      <UniqueIdentifier>{d783e825-ffe9-43ab-add6-379fdcddae96}</UniqueIdentifier>
    </Filter>
    <Filter Include="ZMQ">
      <UniqueIdentifier>{da8459d1-ce31-46e9-af6c-aa64e8281f3d}</UniqueIdentifier>
    </Filter>
    <Filter Include="PaceCurve">
      <UniqueIdentifier>{a804e2c5-d33a-4e84-9d59-8f8fa9fa68ee}</UniqueIdentifier>
    </Filter>
    <Filter Include="Charts">
      <UniqueIdentifier>{59d2d8bb-f366-4408-87b5-cb046a5b0d64}</UniqueIdentifier>
    </Filter>
  </ItemGroup>
  <ItemGroup>
    <ClCompile Include="DiffusionSimulator.cpp">
      <Filter>PointSim</Filter>
    </ClCompile>
    <ClCompile Include="MessageQueue.cpp">
      <Filter>ZMQ</Filter>
    </ClCompile>
    <ClCompile Include="PaceCurve.cpp">
      <Filter>PaceCurve</Filter>
    </ClCompile>
    <ClCompile Include="ChartStructures.cpp">
      <Filter>Charts</Filter>
    </ClCompile>
    <ClCompile Include="SeriesHelpers.cpp">
      <Filter>Charts</Filter>
    </ClCompile>
    <ClCompile Include="TickHelpers.cpp">
      <Filter>Charts</Filter>
    </ClCompile>
  </ItemGroup>
  <ItemGroup>
    <ClInclude Include="DiffusionSimulator.h">
      <Filter>PointSim</Filter>
    </ClInclude>
    <ClInclude Include="MatrixUtils.hpp">
      <Filter>PointSim</Filter>
    </ClInclude>
    <ClInclude Include="XYZ.hpp">
      <Filter>PointSim</Filter>
    </ClInclude>
    <ClInclude Include="MessageQueue.h">
      <Filter>ZMQ</Filter>
    </ClInclude>
    <ClInclude Include="PaceCurve.h">
      <Filter>PaceCurve</Filter>
    </ClInclude>
    <ClInclude Include="ActivityStructures.h">
      <Filter>PaceCurve</Filter>
    </ClInclude>
    <ClInclude Include="ChartStructures.h">
      <Filter>Charts</Filter>
    </ClInclude>
    <ClInclude Include="SeriesHelpers.h">
      <Filter>Charts</Filter>
    </ClInclude>
    <ClInclude Include="TickHelpers.h">
      <Filter>Charts</Filter>
    </ClInclude>
  </ItemGroup>
</Project>